// !$*UTF8*$!
{
	archiveVersion = 1;
	classes = {
	};
	objectVersion = 51;
	objects = {

/* Begin PBXBuildFile section */
		38A1C41382F6C91BAA80516D /* Pods_FlixsterTests.framework in Frameworks */ = {isa = PBXBuildFile; fileRef = F2DCE7D1745FD82FAC0814D1 /* Pods_FlixsterTests.framework */; };
		4B58B586B6E640E6BE2D0219 /* Pods_Flixster_FlixsterUITests.framework in Frameworks */ = {isa = PBXBuildFile; fileRef = 1E205BE2C1F73B00F236D623 /* Pods_Flixster_FlixsterUITests.framework */; };
		EA96EA7A26F5183700C11CB2 /* MovieGridViewController.swift in Sources */ = {isa = PBXBuildFile; fileRef = EA96EA7926F5183700C11CB2 /* MovieGridViewController.swift */; };
		EA96EA7C26F51DBE00C11CB2 /* MovieGridCell.swift in Sources */ = {isa = PBXBuildFile; fileRef = EA96EA7B26F51DBE00C11CB2 /* MovieGridCell.swift */; };
		EADCD50226F45F8600CF5B54 /* MovieDetailViewController.swift in Sources */ = {isa = PBXBuildFile; fileRef = EADCD50126F45F8600CF5B54 /* MovieDetailViewController.swift */; };
		EAFEF91626DF54C8005376F8 /* AppDelegate.swift in Sources */ = {isa = PBXBuildFile; fileRef = EAFEF91526DF54C8005376F8 /* AppDelegate.swift */; };
		EAFEF91826DF54C8005376F8 /* SceneDelegate.swift in Sources */ = {isa = PBXBuildFile; fileRef = EAFEF91726DF54C8005376F8 /* SceneDelegate.swift */; };
		EAFEF91D26DF54C8005376F8 /* Main.storyboard in Resources */ = {isa = PBXBuildFile; fileRef = EAFEF91B26DF54C8005376F8 /* Main.storyboard */; };
		EAFEF91F26DF54D1005376F8 /* Assets.xcassets in Resources */ = {isa = PBXBuildFile; fileRef = EAFEF91E26DF54D1005376F8 /* Assets.xcassets */; };
		EAFEF92226DF54D1005376F8 /* LaunchScreen.storyboard in Resources */ = {isa = PBXBuildFile; fileRef = EAFEF92026DF54D1005376F8 /* LaunchScreen.storyboard */; };
		EAFEF92D26DF54D1005376F8 /* FlixsterTests.swift in Sources */ = {isa = PBXBuildFile; fileRef = EAFEF92C26DF54D1005376F8 /* FlixsterTests.swift */; };
		EAFEF93826DF54D1005376F8 /* FlixsterUITests.swift in Sources */ = {isa = PBXBuildFile; fileRef = EAFEF93726DF54D1005376F8 /* FlixsterUITests.swift */; };
		EAFEF94C26DF5547005376F8 /* MoviesViewController.swift in Sources */ = {isa = PBXBuildFile; fileRef = EAFEF94B26DF5547005376F8 /* MoviesViewController.swift */; };
		EAFEF95126DF8C67005376F8 /* MovieTableviewCellTableViewCell.swift in Sources */ = {isa = PBXBuildFile; fileRef = EAFEF95026DF8C67005376F8 /* MovieTableviewCellTableViewCell.swift */; };
		FD4D5D3537E65705CD951CB5 /* Pods_Flixster.framework in Frameworks */ = {isa = PBXBuildFile; fileRef = D09B613643A9FB67BC621CC1 /* Pods_Flixster.framework */; };
/* End PBXBuildFile section */

/* Begin PBXContainerItemProxy section */
		EAFEF92926DF54D1005376F8 /* PBXContainerItemProxy */ = {
			isa = PBXContainerItemProxy;
			containerPortal = EAFEF90A26DF54C8005376F8 /* Project object */;
			proxyType = 1;
			remoteGlobalIDString = EAFEF91126DF54C8005376F8;
			remoteInfo = Flixster;
		};
		EAFEF93426DF54D1005376F8 /* PBXContainerItemProxy */ = {
			isa = PBXContainerItemProxy;
			containerPortal = EAFEF90A26DF54C8005376F8 /* Project object */;
			proxyType = 1;
			remoteGlobalIDString = EAFEF91126DF54C8005376F8;
			remoteInfo = Flixster;
		};
/* End PBXContainerItemProxy section */

/* Begin PBXFileReference section */
		01A885CBDC9FB47837CAB9AF /* Pods-FlixsterTests.debug.xcconfig */ = {isa = PBXFileReference; includeInIndex = 1; lastKnownFileType = text.xcconfig; name = "Pods-FlixsterTests.debug.xcconfig"; path = "Target Support Files/Pods-FlixsterTests/Pods-FlixsterTests.debug.xcconfig"; sourceTree = "<group>"; };
		0CA5B95A9B140D755802510A /* Pods-FlixsterTests.release.xcconfig */ = {isa = PBXFileReference; includeInIndex = 1; lastKnownFileType = text.xcconfig; name = "Pods-FlixsterTests.release.xcconfig"; path = "Target Support Files/Pods-FlixsterTests/Pods-FlixsterTests.release.xcconfig"; sourceTree = "<group>"; };
		11AFC20B414155F363763420 /* Pods-Flixster.debug.xcconfig */ = {isa = PBXFileReference; includeInIndex = 1; lastKnownFileType = text.xcconfig; name = "Pods-Flixster.debug.xcconfig"; path = "Target Support Files/Pods-Flixster/Pods-Flixster.debug.xcconfig"; sourceTree = "<group>"; };
		1E205BE2C1F73B00F236D623 /* Pods_Flixster_FlixsterUITests.framework */ = {isa = PBXFileReference; explicitFileType = wrapper.framework; includeInIndex = 0; path = Pods_Flixster_FlixsterUITests.framework; sourceTree = BUILT_PRODUCTS_DIR; };
		5C20A919D7CFC87F64B702CA /* Pods-Flixster-FlixsterUITests.debug.xcconfig */ = {isa = PBXFileReference; includeInIndex = 1; lastKnownFileType = text.xcconfig; name = "Pods-Flixster-FlixsterUITests.debug.xcconfig"; path = "Target Support Files/Pods-Flixster-FlixsterUITests/Pods-Flixster-FlixsterUITests.debug.xcconfig"; sourceTree = "<group>"; };
		BD06A31A36462796EF161DE0 /* Pods-Flixster-FlixsterUITests.release.xcconfig */ = {isa = PBXFileReference; includeInIndex = 1; lastKnownFileType = text.xcconfig; name = "Pods-Flixster-FlixsterUITests.release.xcconfig"; path = "Target Support Files/Pods-Flixster-FlixsterUITests/Pods-Flixster-FlixsterUITests.release.xcconfig"; sourceTree = "<group>"; };
		D09B613643A9FB67BC621CC1 /* Pods_Flixster.framework */ = {isa = PBXFileReference; explicitFileType = wrapper.framework; includeInIndex = 0; path = Pods_Flixster.framework; sourceTree = BUILT_PRODUCTS_DIR; };
		DD8A9AE2016F2091C4F92E92 /* Pods-Flixster.release.xcconfig */ = {isa = PBXFileReference; includeInIndex = 1; lastKnownFileType = text.xcconfig; name = "Pods-Flixster.release.xcconfig"; path = "Target Support Files/Pods-Flixster/Pods-Flixster.release.xcconfig"; sourceTree = "<group>"; };
		EA96EA7926F5183700C11CB2 /* MovieGridViewController.swift */ = {isa = PBXFileReference; lastKnownFileType = sourcecode.swift; path = MovieGridViewController.swift; sourceTree = "<group>"; };
		EA96EA7B26F51DBE00C11CB2 /* MovieGridCell.swift */ = {isa = PBXFileReference; lastKnownFileType = sourcecode.swift; path = MovieGridCell.swift; sourceTree = "<group>"; };
		EADCD50126F45F8600CF5B54 /* MovieDetailViewController.swift */ = {isa = PBXFileReference; lastKnownFileType = sourcecode.swift; path = MovieDetailViewController.swift; sourceTree = "<group>"; };
		EAFEF91226DF54C8005376F8 /* Flixster.app */ = {isa = PBXFileReference; explicitFileType = wrapper.application; includeInIndex = 0; path = Flixster.app; sourceTree = BUILT_PRODUCTS_DIR; };
		EAFEF91526DF54C8005376F8 /* AppDelegate.swift */ = {isa = PBXFileReference; lastKnownFileType = sourcecode.swift; path = AppDelegate.swift; sourceTree = "<group>"; };
		EAFEF91726DF54C8005376F8 /* SceneDelegate.swift */ = {isa = PBXFileReference; lastKnownFileType = sourcecode.swift; path = SceneDelegate.swift; sourceTree = "<group>"; };
		EAFEF91C26DF54C8005376F8 /* Base */ = {isa = PBXFileReference; lastKnownFileType = file.storyboard; name = Base; path = Base.lproj/Main.storyboard; sourceTree = "<group>"; };
		EAFEF91E26DF54D1005376F8 /* Assets.xcassets */ = {isa = PBXFileReference; lastKnownFileType = folder.assetcatalog; path = Assets.xcassets; sourceTree = "<group>"; };
		EAFEF92126DF54D1005376F8 /* Base */ = {isa = PBXFileReference; lastKnownFileType = file.storyboard; name = Base; path = Base.lproj/LaunchScreen.storyboard; sourceTree = "<group>"; };
		EAFEF92326DF54D1005376F8 /* Info.plist */ = {isa = PBXFileReference; lastKnownFileType = text.plist.xml; path = Info.plist; sourceTree = "<group>"; };
		EAFEF92826DF54D1005376F8 /* FlixsterTests.xctest */ = {isa = PBXFileReference; explicitFileType = wrapper.cfbundle; includeInIndex = 0; path = FlixsterTests.xctest; sourceTree = BUILT_PRODUCTS_DIR; };
		EAFEF92C26DF54D1005376F8 /* FlixsterTests.swift */ = {isa = PBXFileReference; lastKnownFileType = sourcecode.swift; path = FlixsterTests.swift; sourceTree = "<group>"; };
		EAFEF92E26DF54D1005376F8 /* Info.plist */ = {isa = PBXFileReference; lastKnownFileType = text.plist.xml; path = Info.plist; sourceTree = "<group>"; };
		EAFEF93326DF54D1005376F8 /* FlixsterUITests.xctest */ = {isa = PBXFileReference; explicitFileType = wrapper.cfbundle; includeInIndex = 0; path = FlixsterUITests.xctest; sourceTree = BUILT_PRODUCTS_DIR; };
		EAFEF93726DF54D1005376F8 /* FlixsterUITests.swift */ = {isa = PBXFileReference; lastKnownFileType = sourcecode.swift; path = FlixsterUITests.swift; sourceTree = "<group>"; };
		EAFEF93926DF54D1005376F8 /* Info.plist */ = {isa = PBXFileReference; lastKnownFileType = text.plist.xml; path = Info.plist; sourceTree = "<group>"; };
		EAFEF94B26DF5547005376F8 /* MoviesViewController.swift */ = {isa = PBXFileReference; lastKnownFileType = sourcecode.swift; path = MoviesViewController.swift; sourceTree = "<group>"; };
		EAFEF95026DF8C67005376F8 /* MovieTableviewCellTableViewCell.swift */ = {isa = PBXFileReference; lastKnownFileType = sourcecode.swift; path = MovieTableviewCellTableViewCell.swift; sourceTree = "<group>"; };
		F2DCE7D1745FD82FAC0814D1 /* Pods_FlixsterTests.framework */ = {isa = PBXFileReference; explicitFileType = wrapper.framework; includeInIndex = 0; path = Pods_FlixsterTests.framework; sourceTree = BUILT_PRODUCTS_DIR; };
/* End PBXFileReference section */

/* Begin PBXFrameworksBuildPhase section */
		EAFEF90F26DF54C8005376F8 /* Frameworks */ = {
			isa = PBXFrameworksBuildPhase;
			buildActionMask = 2147483647;
			files = (
				FD4D5D3537E65705CD951CB5 /* Pods_Flixster.framework in Frameworks */,
			);
			runOnlyForDeploymentPostprocessing = 0;
		};
		EAFEF92526DF54D1005376F8 /* Frameworks */ = {
			isa = PBXFrameworksBuildPhase;
			buildActionMask = 2147483647;
			files = (
				38A1C41382F6C91BAA80516D /* Pods_FlixsterTests.framework in Frameworks */,
			);
			runOnlyForDeploymentPostprocessing = 0;
		};
		EAFEF93026DF54D1005376F8 /* Frameworks */ = {
			isa = PBXFrameworksBuildPhase;
			buildActionMask = 2147483647;
			files = (
				4B58B586B6E640E6BE2D0219 /* Pods_Flixster_FlixsterUITests.framework in Frameworks */,
			);
			runOnlyForDeploymentPostprocessing = 0;
		};
/* End PBXFrameworksBuildPhase section */

/* Begin PBXGroup section */
		ABA08FF0C1222ADEE7D33567 /* Pods */ = {
			isa = PBXGroup;
			children = (
				11AFC20B414155F363763420 /* Pods-Flixster.debug.xcconfig */,
				DD8A9AE2016F2091C4F92E92 /* Pods-Flixster.release.xcconfig */,
				5C20A919D7CFC87F64B702CA /* Pods-Flixster-FlixsterUITests.debug.xcconfig */,
				BD06A31A36462796EF161DE0 /* Pods-Flixster-FlixsterUITests.release.xcconfig */,
				01A885CBDC9FB47837CAB9AF /* Pods-FlixsterTests.debug.xcconfig */,
				0CA5B95A9B140D755802510A /* Pods-FlixsterTests.release.xcconfig */,
			);
			path = Pods;
			sourceTree = "<group>";
		};
		E9388E7F5D672D68D7B88D80 /* Frameworks */ = {
			isa = PBXGroup;
			children = (
				D09B613643A9FB67BC621CC1 /* Pods_Flixster.framework */,
				1E205BE2C1F73B00F236D623 /* Pods_Flixster_FlixsterUITests.framework */,
				F2DCE7D1745FD82FAC0814D1 /* Pods_FlixsterTests.framework */,
			);
			name = Frameworks;
			sourceTree = "<group>";
		};
		EAFEF90926DF54C8005376F8 = {
			isa = PBXGroup;
			children = (
				EAFEF91426DF54C8005376F8 /* Flixster */,
				EAFEF92B26DF54D1005376F8 /* FlixsterTests */,
				EAFEF93626DF54D1005376F8 /* FlixsterUITests */,
				EAFEF91326DF54C8005376F8 /* Products */,
				ABA08FF0C1222ADEE7D33567 /* Pods */,
				E9388E7F5D672D68D7B88D80 /* Frameworks */,
			);
			sourceTree = "<group>";
		};
		EAFEF91326DF54C8005376F8 /* Products */ = {
			isa = PBXGroup;
			children = (
				EAFEF91226DF54C8005376F8 /* Flixster.app */,
				EAFEF92826DF54D1005376F8 /* FlixsterTests.xctest */,
				EAFEF93326DF54D1005376F8 /* FlixsterUITests.xctest */,
			);
			name = Products;
			sourceTree = "<group>";
		};
		EAFEF91426DF54C8005376F8 /* Flixster */ = {
			isa = PBXGroup;
			children = (
				EAFEF91526DF54C8005376F8 /* AppDelegate.swift */,
				EAFEF91726DF54C8005376F8 /* SceneDelegate.swift */,
				EAFEF91B26DF54C8005376F8 /* Main.storyboard */,
				EAFEF91E26DF54D1005376F8 /* Assets.xcassets */,
				EAFEF92026DF54D1005376F8 /* LaunchScreen.storyboard */,
				EAFEF92326DF54D1005376F8 /* Info.plist */,
				EAFEF94B26DF5547005376F8 /* MoviesViewController.swift */,
				EAFEF95026DF8C67005376F8 /* MovieTableviewCellTableViewCell.swift */,
				EADCD50126F45F8600CF5B54 /* MovieDetailViewController.swift */,
				EA96EA7926F5183700C11CB2 /* MovieGridViewController.swift */,
				EA96EA7B26F51DBE00C11CB2 /* MovieGridCell.swift */,
			);
			path = Flixster;
			sourceTree = "<group>";
		};
		EAFEF92B26DF54D1005376F8 /* FlixsterTests */ = {
			isa = PBXGroup;
			children = (
				EAFEF92C26DF54D1005376F8 /* FlixsterTests.swift */,
				EAFEF92E26DF54D1005376F8 /* Info.plist */,
			);
			path = FlixsterTests;
			sourceTree = "<group>";
		};
		EAFEF93626DF54D1005376F8 /* FlixsterUITests */ = {
			isa = PBXGroup;
			children = (
				EAFEF93726DF54D1005376F8 /* FlixsterUITests.swift */,
				EAFEF93926DF54D1005376F8 /* Info.plist */,
			);
			path = FlixsterUITests;
			sourceTree = "<group>";
		};
/* End PBXGroup section */

/* Begin PBXNativeTarget section */
		EAFEF91126DF54C8005376F8 /* Flixster */ = {
			isa = PBXNativeTarget;
			buildConfigurationList = EAFEF93C26DF54D1005376F8 /* Build configuration list for PBXNativeTarget "Flixster" */;
			buildPhases = (
				4EEC8DF4353961193E233EE5 /* [CP] Check Pods Manifest.lock */,
				EAFEF90E26DF54C8005376F8 /* Sources */,
				EAFEF90F26DF54C8005376F8 /* Frameworks */,
				EAFEF91026DF54C8005376F8 /* Resources */,
				E7DBCE0DD297EA945F983F7D /* [CP] Embed Pods Frameworks */,
			);
			buildRules = (
			);
			dependencies = (
			);
			name = Flixster;
			productName = Flixster;
			productReference = EAFEF91226DF54C8005376F8 /* Flixster.app */;
			productType = "com.apple.product-type.application";
		};
		EAFEF92726DF54D1005376F8 /* FlixsterTests */ = {
			isa = PBXNativeTarget;
			buildConfigurationList = EAFEF93F26DF54D1005376F8 /* Build configuration list for PBXNativeTarget "FlixsterTests" */;
			buildPhases = (
				2E12D06E69F727F5C6F9F778 /* [CP] Check Pods Manifest.lock */,
				EAFEF92426DF54D1005376F8 /* Sources */,
				EAFEF92526DF54D1005376F8 /* Frameworks */,
				EAFEF92626DF54D1005376F8 /* Resources */,
			);
			buildRules = (
			);
			dependencies = (
				EAFEF92A26DF54D1005376F8 /* PBXTargetDependency */,
			);
			name = FlixsterTests;
			productName = FlixsterTests;
			productReference = EAFEF92826DF54D1005376F8 /* FlixsterTests.xctest */;
			productType = "com.apple.product-type.bundle.unit-test";
		};
		EAFEF93226DF54D1005376F8 /* FlixsterUITests */ = {
			isa = PBXNativeTarget;
			buildConfigurationList = EAFEF94226DF54D1005376F8 /* Build configuration list for PBXNativeTarget "FlixsterUITests" */;
			buildPhases = (
				232B7BE3DA970ADB66AC0D4E /* [CP] Check Pods Manifest.lock */,
				EAFEF92F26DF54D1005376F8 /* Sources */,
				EAFEF93026DF54D1005376F8 /* Frameworks */,
				EAFEF93126DF54D1005376F8 /* Resources */,
				323D598C1FC9C7A9119E4BDF /* [CP] Embed Pods Frameworks */,
			);
			buildRules = (
			);
			dependencies = (
				EAFEF93526DF54D1005376F8 /* PBXTargetDependency */,
			);
			name = FlixsterUITests;
			productName = FlixsterUITests;
			productReference = EAFEF93326DF54D1005376F8 /* FlixsterUITests.xctest */;
			productType = "com.apple.product-type.bundle.ui-testing";
		};
/* End PBXNativeTarget section */

/* Begin PBXProject section */
		EAFEF90A26DF54C8005376F8 /* Project object */ = {
			isa = PBXProject;
			attributes = {
				LastSwiftUpdateCheck = 1240;
				LastUpgradeCheck = 1240;
				TargetAttributes = {
					EAFEF91126DF54C8005376F8 = {
						CreatedOnToolsVersion = 12.4;
					};
					EAFEF92726DF54D1005376F8 = {
						CreatedOnToolsVersion = 12.4;
						TestTargetID = EAFEF91126DF54C8005376F8;
					};
					EAFEF93226DF54D1005376F8 = {
						CreatedOnToolsVersion = 12.4;
						TestTargetID = EAFEF91126DF54C8005376F8;
					};
				};
			};
			buildConfigurationList = EAFEF90D26DF54C8005376F8 /* Build configuration list for PBXProject "Flixster" */;
			compatibilityVersion = "Xcode 9.3";
			developmentRegion = en;
			hasScannedForEncodings = 0;
			knownRegions = (
				en,
				Base,
			);
			mainGroup = EAFEF90926DF54C8005376F8;
			productRefGroup = EAFEF91326DF54C8005376F8 /* Products */;
			projectDirPath = "";
			projectRoot = "";
			targets = (
				EAFEF91126DF54C8005376F8 /* Flixster */,
				EAFEF92726DF54D1005376F8 /* FlixsterTests */,
				EAFEF93226DF54D1005376F8 /* FlixsterUITests */,
			);
		};
/* End PBXProject section */

/* Begin PBXResourcesBuildPhase section */
		EAFEF91026DF54C8005376F8 /* Resources */ = {
			isa = PBXResourcesBuildPhase;
			buildActionMask = 2147483647;
			files = (
				EAFEF92226DF54D1005376F8 /* LaunchScreen.storyboard in Resources */,
				EAFEF91F26DF54D1005376F8 /* Assets.xcassets in Resources */,
				EAFEF91D26DF54C8005376F8 /* Main.storyboard in Resources */,
			);
			runOnlyForDeploymentPostprocessing = 0;
		};
		EAFEF92626DF54D1005376F8 /* Resources */ = {
			isa = PBXResourcesBuildPhase;
			buildActionMask = 2147483647;
			files = (
			);
			runOnlyForDeploymentPostprocessing = 0;
		};
		EAFEF93126DF54D1005376F8 /* Resources */ = {
			isa = PBXResourcesBuildPhase;
			buildActionMask = 2147483647;
			files = (
			);
			runOnlyForDeploymentPostprocessing = 0;
		};
/* End PBXResourcesBuildPhase section */

/* Begin PBXShellScriptBuildPhase section */
		232B7BE3DA970ADB66AC0D4E /* [CP] Check Pods Manifest.lock */ = {
			isa = PBXShellScriptBuildPhase;
			buildActionMask = 2147483647;
			files = (
			);
			inputFileListPaths = (
			);
			inputPaths = (
				"${PODS_PODFILE_DIR_PATH}/Podfile.lock",
				"${PODS_ROOT}/Manifest.lock",
			);
			name = "[CP] Check Pods Manifest.lock";
			outputFileListPaths = (
			);
			outputPaths = (
				"$(DERIVED_FILE_DIR)/Pods-Flixster-FlixsterUITests-checkManifestLockResult.txt",
			);
			runOnlyForDeploymentPostprocessing = 0;
			shellPath = /bin/sh;
			shellScript = "diff \"${PODS_PODFILE_DIR_PATH}/Podfile.lock\" \"${PODS_ROOT}/Manifest.lock\" > /dev/null\nif [ $? != 0 ] ; then\n    # print error to STDERR\n    echo \"error: The sandbox is not in sync with the Podfile.lock. Run 'pod install' or update your CocoaPods installation.\" >&2\n    exit 1\nfi\n# This output is used by Xcode 'outputs' to avoid re-running this script phase.\necho \"SUCCESS\" > \"${SCRIPT_OUTPUT_FILE_0}\"\n";
			showEnvVarsInLog = 0;
		};
		2E12D06E69F727F5C6F9F778 /* [CP] Check Pods Manifest.lock */ = {
			isa = PBXShellScriptBuildPhase;
			buildActionMask = 2147483647;
			files = (
			);
			inputFileListPaths = (
			);
			inputPaths = (
				"${PODS_PODFILE_DIR_PATH}/Podfile.lock",
				"${PODS_ROOT}/Manifest.lock",
			);
			name = "[CP] Check Pods Manifest.lock";
			outputFileListPaths = (
			);
			outputPaths = (
				"$(DERIVED_FILE_DIR)/Pods-FlixsterTests-checkManifestLockResult.txt",
			);
			runOnlyForDeploymentPostprocessing = 0;
			shellPath = /bin/sh;
			shellScript = "diff \"${PODS_PODFILE_DIR_PATH}/Podfile.lock\" \"${PODS_ROOT}/Manifest.lock\" > /dev/null\nif [ $? != 0 ] ; then\n    # print error to STDERR\n    echo \"error: The sandbox is not in sync with the Podfile.lock. Run 'pod install' or update your CocoaPods installation.\" >&2\n    exit 1\nfi\n# This output is used by Xcode 'outputs' to avoid re-running this script phase.\necho \"SUCCESS\" > \"${SCRIPT_OUTPUT_FILE_0}\"\n";
			showEnvVarsInLog = 0;
		};
		323D598C1FC9C7A9119E4BDF /* [CP] Embed Pods Frameworks */ = {
			isa = PBXShellScriptBuildPhase;
			buildActionMask = 2147483647;
			files = (
			);
			inputFileListPaths = (
				"${PODS_ROOT}/Target Support Files/Pods-Flixster-FlixsterUITests/Pods-Flixster-FlixsterUITests-frameworks-${CONFIGURATION}-input-files.xcfilelist",
			);
			name = "[CP] Embed Pods Frameworks";
			outputFileListPaths = (
				"${PODS_ROOT}/Target Support Files/Pods-Flixster-FlixsterUITests/Pods-Flixster-FlixsterUITests-frameworks-${CONFIGURATION}-output-files.xcfilelist",
			);
			runOnlyForDeploymentPostprocessing = 0;
			shellPath = /bin/sh;
			shellScript = "\"${PODS_ROOT}/Target Support Files/Pods-Flixster-FlixsterUITests/Pods-Flixster-FlixsterUITests-frameworks.sh\"\n";
			showEnvVarsInLog = 0;
		};
		4EEC8DF4353961193E233EE5 /* [CP] Check Pods Manifest.lock */ = {
			isa = PBXShellScriptBuildPhase;
			buildActionMask = 2147483647;
			files = (
			);
			inputFileListPaths = (
			);
			inputPaths = (
				"${PODS_PODFILE_DIR_PATH}/Podfile.lock",
				"${PODS_ROOT}/Manifest.lock",
			);
			name = "[CP] Check Pods Manifest.lock";
			outputFileListPaths = (
			);
			outputPaths = (
				"$(DERIVED_FILE_DIR)/Pods-Flixster-checkManifestLockResult.txt",
			);
			runOnlyForDeploymentPostprocessing = 0;
			shellPath = /bin/sh;
			shellScript = "diff \"${PODS_PODFILE_DIR_PATH}/Podfile.lock\" \"${PODS_ROOT}/Manifest.lock\" > /dev/null\nif [ $? != 0 ] ; then\n    # print error to STDERR\n    echo \"error: The sandbox is not in sync with the Podfile.lock. Run 'pod install' or update your CocoaPods installation.\" >&2\n    exit 1\nfi\n# This output is used by Xcode 'outputs' to avoid re-running this script phase.\necho \"SUCCESS\" > \"${SCRIPT_OUTPUT_FILE_0}\"\n";
			showEnvVarsInLog = 0;
		};
		E7DBCE0DD297EA945F983F7D /* [CP] Embed Pods Frameworks */ = {
			isa = PBXShellScriptBuildPhase;
			buildActionMask = 2147483647;
			files = (
			);
			inputFileListPaths = (
				"${PODS_ROOT}/Target Support Files/Pods-Flixster/Pods-Flixster-frameworks-${CONFIGURATION}-input-files.xcfilelist",
			);
			name = "[CP] Embed Pods Frameworks";
			outputFileListPaths = (
				"${PODS_ROOT}/Target Support Files/Pods-Flixster/Pods-Flixster-frameworks-${CONFIGURATION}-output-files.xcfilelist",
			);
			runOnlyForDeploymentPostprocessing = 0;
			shellPath = /bin/sh;
			shellScript = "\"${PODS_ROOT}/Target Support Files/Pods-Flixster/Pods-Flixster-frameworks.sh\"\n";
			showEnvVarsInLog = 0;
		};
/* End PBXShellScriptBuildPhase section */

/* Begin PBXSourcesBuildPhase section */
		EAFEF90E26DF54C8005376F8 /* Sources */ = {
			isa = PBXSourcesBuildPhase;
			buildActionMask = 2147483647;
			files = (
				EAFEF91626DF54C8005376F8 /* AppDelegate.swift in Sources */,
				EADCD50226F45F8600CF5B54 /* MovieDetailViewController.swift in Sources */,
				EAFEF91826DF54C8005376F8 /* SceneDelegate.swift in Sources */,
				EAFEF95126DF8C67005376F8 /* MovieTableviewCellTableViewCell.swift in Sources */,
				EAFEF94C26DF5547005376F8 /* MoviesViewController.swift in Sources */,
				EA96EA7A26F5183700C11CB2 /* MovieGridViewController.swift in Sources */,
				EA96EA7C26F51DBE00C11CB2 /* MovieGridCell.swift in Sources */,
			);
			runOnlyForDeploymentPostprocessing = 0;
		};
		EAFEF92426DF54D1005376F8 /* Sources */ = {
			isa = PBXSourcesBuildPhase;
			buildActionMask = 2147483647;
			files = (
				EAFEF92D26DF54D1005376F8 /* FlixsterTests.swift in Sources */,
			);
			runOnlyForDeploymentPostprocessing = 0;
		};
		EAFEF92F26DF54D1005376F8 /* Sources */ = {
			isa = PBXSourcesBuildPhase;
			buildActionMask = 2147483647;
			files = (
				EAFEF93826DF54D1005376F8 /* FlixsterUITests.swift in Sources */,
			);
			runOnlyForDeploymentPostprocessing = 0;
		};
/* End PBXSourcesBuildPhase section */

/* Begin PBXTargetDependency section */
		EAFEF92A26DF54D1005376F8 /* PBXTargetDependency */ = {
			isa = PBXTargetDependency;
			target = EAFEF91126DF54C8005376F8 /* Flixster */;
			targetProxy = EAFEF92926DF54D1005376F8 /* PBXContainerItemProxy */;
		};
		EAFEF93526DF54D1005376F8 /* PBXTargetDependency */ = {
			isa = PBXTargetDependency;
			target = EAFEF91126DF54C8005376F8 /* Flixster */;
			targetProxy = EAFEF93426DF54D1005376F8 /* PBXContainerItemProxy */;
		};
/* End PBXTargetDependency section */

/* Begin PBXVariantGroup section */
		EAFEF91B26DF54C8005376F8 /* Main.storyboard */ = {
			isa = PBXVariantGroup;
			children = (
				EAFEF91C26DF54C8005376F8 /* Base */,
			);
			name = Main.storyboard;
			sourceTree = "<group>";
		};
		EAFEF92026DF54D1005376F8 /* LaunchScreen.storyboard */ = {
			isa = PBXVariantGroup;
			children = (
				EAFEF92126DF54D1005376F8 /* Base */,
			);
			name = LaunchScreen.storyboard;
			sourceTree = "<group>";
		};
/* End PBXVariantGroup section */

/* Begin XCBuildConfiguration section */
		EAFEF93A26DF54D1005376F8 /* Debug */ = {
			isa = XCBuildConfiguration;
			buildSettings = {
				ALWAYS_SEARCH_USER_PATHS = NO;
				CLANG_ANALYZER_NONNULL = YES;
				CLANG_ANALYZER_NUMBER_OBJECT_CONVERSION = YES_AGGRESSIVE;
				CLANG_CXX_LANGUAGE_STANDARD = "gnu++14";
				CLANG_CXX_LIBRARY = "libc++";
				CLANG_ENABLE_MODULES = YES;
				CLANG_ENABLE_OBJC_ARC = YES;
				CLANG_ENABLE_OBJC_WEAK = YES;
				CLANG_WARN_BLOCK_CAPTURE_AUTORELEASING = YES;
				CLANG_WARN_BOOL_CONVERSION = YES;
				CLANG_WARN_COMMA = YES;
				CLANG_WARN_CONSTANT_CONVERSION = YES;
				CLANG_WARN_DEPRECATED_OBJC_IMPLEMENTATIONS = YES;
				CLANG_WARN_DIRECT_OBJC_ISA_USAGE = YES_ERROR;
				CLANG_WARN_DOCUMENTATION_COMMENTS = YES;
				CLANG_WARN_EMPTY_BODY = YES;
				CLANG_WARN_ENUM_CONVERSION = YES;
				CLANG_WARN_INFINITE_RECURSION = YES;
				CLANG_WARN_INT_CONVERSION = YES;
				CLANG_WARN_NON_LITERAL_NULL_CONVERSION = YES;
				CLANG_WARN_OBJC_IMPLICIT_RETAIN_SELF = YES;
				CLANG_WARN_OBJC_LITERAL_CONVERSION = YES;
				CLANG_WARN_OBJC_ROOT_CLASS = YES_ERROR;
				CLANG_WARN_QUOTED_INCLUDE_IN_FRAMEWORK_HEADER = YES;
				CLANG_WARN_RANGE_LOOP_ANALYSIS = YES;
				CLANG_WARN_STRICT_PROTOTYPES = YES;
				CLANG_WARN_SUSPICIOUS_MOVE = YES;
				CLANG_WARN_UNGUARDED_AVAILABILITY = YES_AGGRESSIVE;
				CLANG_WARN_UNREACHABLE_CODE = YES;
				CLANG_WARN__DUPLICATE_METHOD_MATCH = YES;
				COPY_PHASE_STRIP = NO;
				DEBUG_INFORMATION_FORMAT = dwarf;
				ENABLE_STRICT_OBJC_MSGSEND = YES;
				ENABLE_TESTABILITY = YES;
				GCC_C_LANGUAGE_STANDARD = gnu11;
				GCC_DYNAMIC_NO_PIC = NO;
				GCC_NO_COMMON_BLOCKS = YES;
				GCC_OPTIMIZATION_LEVEL = 0;
				GCC_PREPROCESSOR_DEFINITIONS = (
					"DEBUG=1",
					"$(inherited)",
				);
				GCC_WARN_64_TO_32_BIT_CONVERSION = YES;
				GCC_WARN_ABOUT_RETURN_TYPE = YES_ERROR;
				GCC_WARN_UNDECLARED_SELECTOR = YES;
				GCC_WARN_UNINITIALIZED_AUTOS = YES_AGGRESSIVE;
				GCC_WARN_UNUSED_FUNCTION = YES;
				GCC_WARN_UNUSED_VARIABLE = YES;
				IPHONEOS_DEPLOYMENT_TARGET = 14.4;
				MTL_ENABLE_DEBUG_INFO = INCLUDE_SOURCE;
				MTL_FAST_MATH = YES;
				ONLY_ACTIVE_ARCH = YES;
				SDKROOT = iphoneos;
				SWIFT_ACTIVE_COMPILATION_CONDITIONS = DEBUG;
				SWIFT_OPTIMIZATION_LEVEL = "-Onone";
			};
			name = Debug;
		};
		EAFEF93B26DF54D1005376F8 /* Release */ = {
			isa = XCBuildConfiguration;
			buildSettings = {
				ALWAYS_SEARCH_USER_PATHS = NO;
				CLANG_ANALYZER_NONNULL = YES;
				CLANG_ANALYZER_NUMBER_OBJECT_CONVERSION = YES_AGGRESSIVE;
				CLANG_CXX_LANGUAGE_STANDARD = "gnu++14";
				CLANG_CXX_LIBRARY = "libc++";
				CLANG_ENABLE_MODULES = YES;
				CLANG_ENABLE_OBJC_ARC = YES;
				CLANG_ENABLE_OBJC_WEAK = YES;
				CLANG_WARN_BLOCK_CAPTURE_AUTORELEASING = YES;
				CLANG_WARN_BOOL_CONVERSION = YES;
				CLANG_WARN_COMMA = YES;
				CLANG_WARN_CONSTANT_CONVERSION = YES;
				CLANG_WARN_DEPRECATED_OBJC_IMPLEMENTATIONS = YES;
				CLANG_WARN_DIRECT_OBJC_ISA_USAGE = YES_ERROR;
				CLANG_WARN_DOCUMENTATION_COMMENTS = YES;
				CLANG_WARN_EMPTY_BODY = YES;
				CLANG_WARN_ENUM_CONVERSION = YES;
				CLANG_WARN_INFINITE_RECURSION = YES;
				CLANG_WARN_INT_CONVERSION = YES;
				CLANG_WARN_NON_LITERAL_NULL_CONVERSION = YES;
				CLANG_WARN_OBJC_IMPLICIT_RETAIN_SELF = YES;
				CLANG_WARN_OBJC_LITERAL_CONVERSION = YES;
				CLANG_WARN_OBJC_ROOT_CLASS = YES_ERROR;
				CLANG_WARN_QUOTED_INCLUDE_IN_FRAMEWORK_HEADER = YES;
				CLANG_WARN_RANGE_LOOP_ANALYSIS = YES;
				CLANG_WARN_STRICT_PROTOTYPES = YES;
				CLANG_WARN_SUSPICIOUS_MOVE = YES;
				CLANG_WARN_UNGUARDED_AVAILABILITY = YES_AGGRESSIVE;
				CLANG_WARN_UNREACHABLE_CODE = YES;
				CLANG_WARN__DUPLICATE_METHOD_MATCH = YES;
				COPY_PHASE_STRIP = NO;
				DEBUG_INFORMATION_FORMAT = "dwarf-with-dsym";
				ENABLE_NS_ASSERTIONS = NO;
				ENABLE_STRICT_OBJC_MSGSEND = YES;
				GCC_C_LANGUAGE_STANDARD = gnu11;
				GCC_NO_COMMON_BLOCKS = YES;
				GCC_WARN_64_TO_32_BIT_CONVERSION = YES;
				GCC_WARN_ABOUT_RETURN_TYPE = YES_ERROR;
				GCC_WARN_UNDECLARED_SELECTOR = YES;
				GCC_WARN_UNINITIALIZED_AUTOS = YES_AGGRESSIVE;
				GCC_WARN_UNUSED_FUNCTION = YES;
				GCC_WARN_UNUSED_VARIABLE = YES;
				IPHONEOS_DEPLOYMENT_TARGET = 14.4;
				MTL_ENABLE_DEBUG_INFO = NO;
				MTL_FAST_MATH = YES;
				SDKROOT = iphoneos;
				SWIFT_COMPILATION_MODE = wholemodule;
				SWIFT_OPTIMIZATION_LEVEL = "-O";
				VALIDATE_PRODUCT = YES;
			};
			name = Release;
		};
		EAFEF93D26DF54D1005376F8 /* Debug */ = {
			isa = XCBuildConfiguration;
			baseConfigurationReference = 11AFC20B414155F363763420 /* Pods-Flixster.debug.xcconfig */;
			buildSettings = {
				ASSETCATALOG_COMPILER_APPICON_NAME = AppIcon;
				ASSETCATALOG_COMPILER_GLOBAL_ACCENT_COLOR_NAME = AccentColor;
				CODE_SIGN_STYLE = Automatic;
				DEVELOPMENT_TEAM = DN7LD68ZY3;
				INFOPLIST_FILE = Flixster/Info.plist;
				LD_RUNPATH_SEARCH_PATHS = (
					"$(inherited)",
					"@executable_path/Frameworks",
				);
				PRODUCT_BUNDLE_IDENTIFIER = chandana.Flixster;
				PRODUCT_NAME = "$(TARGET_NAME)";
				SWIFT_VERSION = 5.0;
				TARGETED_DEVICE_FAMILY = "1,2";
			};
			name = Debug;
		};
		EAFEF93E26DF54D1005376F8 /* Release */ = {
			isa = XCBuildConfiguration;
			baseConfigurationReference = DD8A9AE2016F2091C4F92E92 /* Pods-Flixster.release.xcconfig */;
			buildSettings = {
				ASSETCATALOG_COMPILER_APPICON_NAME = AppIcon;
				ASSETCATALOG_COMPILER_GLOBAL_ACCENT_COLOR_NAME = AccentColor;
				CODE_SIGN_STYLE = Automatic;
				DEVELOPMENT_TEAM = DN7LD68ZY3;
				INFOPLIST_FILE = Flixster/Info.plist;
				LD_RUNPATH_SEARCH_PATHS = (
					"$(inherited)",
					"@executable_path/Frameworks",
				);
				PRODUCT_BUNDLE_IDENTIFIER = chandana.Flixster;
				PRODUCT_NAME = "$(TARGET_NAME)";
				SWIFT_VERSION = 5.0;
				TARGETED_DEVICE_FAMILY = "1,2";
			};
			name = Release;
		};
		EAFEF94026DF54D1005376F8 /* Debug */ = {
			isa = XCBuildConfiguration;
			baseConfigurationReference = 01A885CBDC9FB47837CAB9AF /* Pods-FlixsterTests.debug.xcconfig */;
			buildSettings = {
				ALWAYS_EMBED_SWIFT_STANDARD_LIBRARIES = YES;
				BUNDLE_LOADER = "$(TEST_HOST)";
				CODE_SIGN_STYLE = Automatic;
				DEVELOPMENT_TEAM = DN7LD68ZY3;
				INFOPLIST_FILE = FlixsterTests/Info.plist;
				IPHONEOS_DEPLOYMENT_TARGET = 14.4;
				LD_RUNPATH_SEARCH_PATHS = (
					"$(inherited)",
					"@executable_path/Frameworks",
					"@loader_path/Frameworks",
				);
				PRODUCT_BUNDLE_IDENTIFIER = chandana.FlixsterTests;
				PRODUCT_NAME = "$(TARGET_NAME)";
				SWIFT_VERSION = 5.0;
				TARGETED_DEVICE_FAMILY = "1,2";
				TEST_HOST = "$(BUILT_PRODUCTS_DIR)/Flixster.app/Flixster";
			};
			name = Debug;
		};
		EAFEF94126DF54D1005376F8 /* Release */ = {
			isa = XCBuildConfiguration;
			baseConfigurationReference = 0CA5B95A9B140D755802510A /* Pods-FlixsterTests.release.xcconfig */;
			buildSettings = {
				ALWAYS_EMBED_SWIFT_STANDARD_LIBRARIES = YES;
				BUNDLE_LOADER = "$(TEST_HOST)";
				CODE_SIGN_STYLE = Automatic;
				DEVELOPMENT_TEAM = DN7LD68ZY3;
				INFOPLIST_FILE = FlixsterTests/Info.plist;
				IPHONEOS_DEPLOYMENT_TARGET = 14.4;
				LD_RUNPATH_SEARCH_PATHS = (
					"$(inherited)",
					"@executable_path/Frameworks",
					"@loader_path/Frameworks",
				);
				PRODUCT_BUNDLE_IDENTIFIER = chandana.FlixsterTests;
				PRODUCT_NAME = "$(TARGET_NAME)";
				SWIFT_VERSION = 5.0;
				TARGETED_DEVICE_FAMILY = "1,2";
				TEST_HOST = "$(BUILT_PRODUCTS_DIR)/Flixster.app/Flixster";
			};
			name = Release;
		};
		EAFEF94326DF54D1005376F8 /* Debug */ = {
			isa = XCBuildConfiguration;
			baseConfigurationReference = 5C20A919D7CFC87F64B702CA /* Pods-Flixster-FlixsterUITests.debug.xcconfig */;
			buildSettings = {
				ALWAYS_EMBED_SWIFT_STANDARD_LIBRARIES = YES;
				CODE_SIGN_STYLE = Automatic;
				DEVELOPMENT_TEAM = DN7LD68ZY3;
				INFOPLIST_FILE = FlixsterUITests/Info.plist;
				LD_RUNPATH_SEARCH_PATHS = (
					"$(inherited)",
					"@executable_path/Frameworks",
					"@loader_path/Frameworks",
				);
				PRODUCT_BUNDLE_IDENTIFIER = chandana.FlixsterUITests;
				PRODUCT_NAME = "$(TARGET_NAME)";
				SWIFT_VERSION = 5.0;
				TARGETED_DEVICE_FAMILY = "1,2";
				TEST_TARGET_NAME = Flixster;
			};
			name = Debug;
		};
		EAFEF94426DF54D1005376F8 /* Release */ = {
			isa = XCBuildConfiguration;
			baseConfigurationReference = BD06A31A36462796EF161DE0 /* Pods-Flixster-FlixsterUITests.release.xcconfig */;
			buildSettings = {
				ALWAYS_EMBED_SWIFT_STANDARD_LIBRARIES = YES;
				CODE_SIGN_STYLE = Automatic;
				DEVELOPMENT_TEAM = DN7LD68ZY3;
				INFOPLIST_FILE = FlixsterUITests/Info.plist;
				LD_RUNPATH_SEARCH_PATHS = (
					"$(inherited)",
					"@executable_path/Frameworks",
					"@loader_path/Frameworks",
				);
				PRODUCT_BUNDLE_IDENTIFIER = chandana.FlixsterUITests;
				PRODUCT_NAME = "$(TARGET_NAME)";
				SWIFT_VERSION = 5.0;
				TARGETED_DEVICE_FAMILY = "1,2";
				TEST_TARGET_NAME = Flixster;
			};
			name = Release;
		};
/* End XCBuildConfiguration section */

/* Begin XCConfigurationList section */
		EAFEF90D26DF54C8005376F8 /* Build configuration list for PBXProject "Flixster" */ = {
			isa = XCConfigurationList;
			buildConfigurations = (
				EAFEF93A26DF54D1005376F8 /* Debug */,
				EAFEF93B26DF54D1005376F8 /* Release */,
			);
			defaultConfigurationIsVisible = 0;
			defaultConfigurationName = Release;
		};
		EAFEF93C26DF54D1005376F8 /* Build configuration list for PBXNativeTarget "Flixster" */ = {
			isa = XCConfigurationList;
			buildConfigurations = (
				EAFEF93D26DF54D1005376F8 /* Debug */,
				EAFEF93E26DF54D1005376F8 /* Release */,
			);
			defaultConfigurationIsVisible = 0;
			defaultConfigurationName = Release;
		};
		EAFEF93F26DF54D1005376F8 /* Build configuration list for PBXNativeTarget "FlixsterTests" */ = {
			isa = XCConfigurationList;
			buildConfigurations = (
				EAFEF94026DF54D1005376F8 /* Debug */,
				EAFEF94126DF54D1005376F8 /* Release */,
			);
			defaultConfigurationIsVisible = 0;
			defaultConfigurationName = Release;
		};
		EAFEF94226DF54D1005376F8 /* Build configuration list for PBXNativeTarget "FlixsterUITests" */ = {
			isa = XCConfigurationList;
			buildConfigurations = (
				EAFEF94326DF54D1005376F8 /* Debug */,
				EAFEF94426DF54D1005376F8 /* Release */,
			);
			defaultConfigurationIsVisible = 0;
			defaultConfigurationName = Release;
		};
/* End XCConfigurationList section */
	};
	rootObject = EAFEF90A26DF54C8005376F8 /* Project object */;
}
